
Microsoft Visual Studio Solution File, Format Version 12.00
# Visual Studio Version 16
VisualStudioVersion = 16.0.31702.278
MinimumVisualStudioVersion = 10.0.40219.1
Project("{FAE04EC0-301F-11D3-BF4B-00C04F79EFBC}") = "rating", "C:\Users\Пользователь\source\repos\первая прога\rating.csproj", "{8E33EA79-36E8-4512-9993-26817CE903E1}"
EndProject
Project("{9A19103F-16F7-4668-BE54-9A1E7A4F7556}") = "TestRating", "C:\Users\Пользователь\source\repos\первая прога\TestRating.csproj", "{BF58A483-8052-42B6-8E24-DF976FBDDF7A}"
EndProject
Global
	GlobalSection(SolutionConfigurationPlatforms) = preSolution
		Debug|Any CPU = Debug|Any CPU
		Release|Any CPU = Release|Any CPU
	EndGlobalSection
	GlobalSection(ProjectConfigurationPlatforms) = postSolution
		{8E33EA79-36E8-4512-9993-26817CE903E1}.Debug|Any CPU.ActiveCfg = Debug|Any CPU
		{8E33EA79-36E8-4512-9993-26817CE903E1}.Debug|Any CPU.Build.0 = Debug|Any CPU
		{8E33EA79-36E8-4512-9993-26817CE903E1}.Release|Any CPU.ActiveCfg = Release|Any CPU
		{8E33EA79-36E8-4512-9993-26817CE903E1}.Release|Any CPU.Build.0 = Release|Any CPU
		{BF58A483-8052-42B6-8E24-DF976FBDDF7A}.Debug|Any CPU.ActiveCfg = Debug|Any CPU
		{BF58A483-8052-42B6-8E24-DF976FBDDF7A}.Debug|Any CPU.Build.0 = Debug|Any CPU
		{BF58A483-8052-42B6-8E24-DF976FBDDF7A}.Release|Any CPU.ActiveCfg = Release|Any CPU
		{BF58A483-8052-42B6-8E24-DF976FBDDF7A}.Release|Any CPU.Build.0 = Release|Any CPU
	EndGlobalSection
	GlobalSection(SolutionProperties) = preSolution
		HideSolutionNode = FALSE
	EndGlobalSection
	GlobalSection(ExtensibilityGlobals) = postSolution
		SolutionGuid = {D5CD4EF0-2469-45C9-AB42-716103134CC1}
	EndGlobalSection
EndGlobal
